
Microsoft Visual Studio Solution File, Format Version 12.00
# Visual Studio Version 17
VisualStudioVersion = 17.0.31903.59
MinimumVisualStudioVersion = 10.0.40219.1
Project("{FAE04EC0-301F-11D3-BF4B-00C04F79EFBC}") = "SimNextgenApp", "SimNextgenApp\SimNextgenApp.csproj", "{B3C65539-E39B-47E7-B87C-E0BBE6E0058D}"
EndProject
Project("{FAE04EC0-301F-11D3-BF4B-00C04F79EFBC}") = "SimNextgenApp.Tests", "SimNextgenApp.Tests\SimNextgenApp.Tests.csproj", "{B442B8D3-6CBC-4B12-A9B6-5049F82518A9}"
EndProject
Project("{FAE04EC0-301F-11D3-BF4B-00C04F79EFBC}") = "SimNextgenApp.Demo", "SimNextgenApp.Demo\SimNextgenApp.Demo.csproj", "{BAD14CDE-A2B5-4C1F-8A63-865429FA509D}"
EndProject
Global
	GlobalSection(SolutionConfigurationPlatforms) = preSolution
		Debug|Any CPU = Debug|Any CPU
		Debug|x64 = Debug|x64
		Debug|x86 = Debug|x86
		Release|Any CPU = Release|Any CPU
		Release|x64 = Release|x64
		Release|x86 = Release|x86
	EndGlobalSection
	GlobalSection(ProjectConfigurationPlatforms) = postSolution
		{B3C65539-E39B-47E7-B87C-E0BBE6E0058D}.Debug|Any CPU.ActiveCfg = Debug|Any CPU
		{B3C65539-E39B-47E7-B87C-E0BBE6E0058D}.Debug|Any CPU.Build.0 = Debug|Any CPU
		{B3C65539-E39B-47E7-B87C-E0BBE6E0058D}.Debug|x64.ActiveCfg = Debug|Any CPU
		{B3C65539-E39B-47E7-B87C-E0BBE6E0058D}.Debug|x64.Build.0 = Debug|Any CPU
		{B3C65539-E39B-47E7-B87C-E0BBE6E0058D}.Debug|x86.ActiveCfg = Debug|Any CPU
		{B3C65539-E39B-47E7-B87C-E0BBE6E0058D}.Debug|x86.Build.0 = Debug|Any CPU
		{B3C65539-E39B-47E7-B87C-E0BBE6E0058D}.Release|Any CPU.ActiveCfg = Release|Any CPU
		{B3C65539-E39B-47E7-B87C-E0BBE6E0058D}.Release|Any CPU.Build.0 = Release|Any CPU
		{B3C65539-E39B-47E7-B87C-E0BBE6E0058D}.Release|x64.ActiveCfg = Release|Any CPU
		{B3C65539-E39B-47E7-B87C-E0BBE6E0058D}.Release|x64.Build.0 = Release|Any CPU
		{B3C65539-E39B-47E7-B87C-E0BBE6E0058D}.Release|x86.ActiveCfg = Release|Any CPU
		{B3C65539-E39B-47E7-B87C-E0BBE6E0058D}.Release|x86.Build.0 = Release|Any CPU
		{B442B8D3-6CBC-4B12-A9B6-5049F82518A9}.Debug|Any CPU.ActiveCfg = Debug|Any CPU
		{B442B8D3-6CBC-4B12-A9B6-5049F82518A9}.Debug|Any CPU.Build.0 = Debug|Any CPU
		{B442B8D3-6CBC-4B12-A9B6-5049F82518A9}.Debug|x64.ActiveCfg = Debug|Any CPU
		{B442B8D3-6CBC-4B12-A9B6-5049F82518A9}.Debug|x64.Build.0 = Debug|Any CPU
		{B442B8D3-6CBC-4B12-A9B6-5049F82518A9}.Debug|x86.ActiveCfg = Debug|Any CPU
		{B442B8D3-6CBC-4B12-A9B6-5049F82518A9}.Debug|x86.Build.0 = Debug|Any CPU
		{B442B8D3-6CBC-4B12-A9B6-5049F82518A9}.Release|Any CPU.ActiveCfg = Release|Any CPU
		{B442B8D3-6CBC-4B12-A9B6-5049F82518A9}.Release|Any CPU.Build.0 = Release|Any CPU
		{B442B8D3-6CBC-4B12-A9B6-5049F82518A9}.Release|x64.ActiveCfg = Release|Any CPU
		{B442B8D3-6CBC-4B12-A9B6-5049F82518A9}.Release|x64.Build.0 = Release|Any CPU
		{B442B8D3-6CBC-4B12-A9B6-5049F82518A9}.Release|x86.ActiveCfg = Release|Any CPU
		{B442B8D3-6CBC-4B12-A9B6-5049F82518A9}.Release|x86.Build.0 = Release|Any CPU
		{BAD14CDE-A2B5-4C1F-8A63-865429FA509D}.Debug|Any CPU.ActiveCfg = Debug|Any CPU
		{BAD14CDE-A2B5-4C1F-8A63-865429FA509D}.Debug|Any CPU.Build.0 = Debug|Any CPU
		{BAD14CDE-A2B5-4C1F-8A63-865429FA509D}.Debug|x64.ActiveCfg = Debug|Any CPU
		{BAD14CDE-A2B5-4C1F-8A63-865429FA509D}.Debug|x64.Build.0 = Debug|Any CPU
		{BAD14CDE-A2B5-4C1F-8A63-865429FA509D}.Debug|x86.ActiveCfg = Debug|Any CPU
		{BAD14CDE-A2B5-4C1F-8A63-865429FA509D}.Debug|x86.Build.0 = Debug|Any CPU
		{BAD14CDE-A2B5-4C1F-8A63-865429FA509D}.Release|Any CPU.ActiveCfg = Release|Any CPU
		{BAD14CDE-A2B5-4C1F-8A63-865429FA509D}.Release|Any CPU.Build.0 = Release|Any CPU
		{BAD14CDE-A2B5-4C1F-8A63-865429FA509D}.Release|x64.ActiveCfg = Release|Any CPU
		{BAD14CDE-A2B5-4C1F-8A63-865429FA509D}.Release|x64.Build.0 = Release|Any CPU
		{BAD14CDE-A2B5-4C1F-8A63-865429FA509D}.Release|x86.ActiveCfg = Release|Any CPU
		{BAD14CDE-A2B5-4C1F-8A63-865429FA509D}.Release|x86.Build.0 = Release|Any CPU
	EndGlobalSection
	GlobalSection(SolutionProperties) = preSolution
		HideSolutionNode = FALSE
	EndGlobalSection
EndGlobal
